
Microsoft Visual Studio Solution File, Format Version 12.00
# Visual Studio Version 17
VisualStudioVersion = 17.4.33103.184
MinimumVisualStudioVersion = 10.0.40219.1
Project("{FAE04EC0-301F-11D3-BF4B-00C04F79EFBC}") = "Ezhednevnik", "Ezhednevnik\Ezhednevnik.csproj", "{84192811-E325-43F0-A0E4-E03FE660B312}"
EndProject
Global
	GlobalSection(SolutionConfigurationPlatforms) = preSolution
		Debug|Any CPU = Debug|Any CPU
		Release|Any CPU = Release|Any CPU
	EndGlobalSection
	GlobalSection(ProjectConfigurationPlatforms) = postSolution
		{84192811-E325-43F0-A0E4-E03FE660B312}.Debug|Any CPU.ActiveCfg = Debug|Any CPU
		{84192811-E325-43F0-A0E4-E03FE660B312}.Debug|Any CPU.Build.0 = Debug|Any CPU
		{84192811-E325-43F0-A0E4-E03FE660B312}.Release|Any CPU.ActiveCfg = Release|Any CPU
		{84192811-E325-43F0-A0E4-E03FE660B312}.Release|Any CPU.Build.0 = Release|Any CPU
	EndGlobalSection
	GlobalSection(SolutionProperties) = preSolution
		HideSolutionNode = FALSE
	EndGlobalSection
	GlobalSection(ExtensibilityGlobals) = postSolution
		SolutionGuid = {88396E71-4D2F-4135-92F4-29C388D64893}
	EndGlobalSection
EndGlobal
